
Microsoft Visual Studio Solution File, Format Version 12.00
# Visual Studio Version 16
VisualStudioVersion = 16.0.30011.22
MinimumVisualStudioVersion = 10.0.40219.1
Project("{2150E333-8FDC-42A3-9474-1A3956D46DE8}") = "Component", "Component", "{E8DA4445-A049-4094-99AA-DAF62FAD3BD2}"
EndProject
Project("{2150E333-8FDC-42A3-9474-1A3956D46DE8}") = "src", "src", "{F6174D88-287F-4B0A-B6BC-BB634BE2F0FD}"
EndProject
Project("{2150E333-8FDC-42A3-9474-1A3956D46DE8}") = "test", "test", "{BD78756D-B612-4016-8D5A-AC38886E8F78}"
EndProject
Project("{2150E333-8FDC-42A3-9474-1A3956D46DE8}") = "Presentation", "Presentation", "{2E71E999-285B-431E-85C5-2E6B8BB82BBF}"
EndProject
Project("{2150E333-8FDC-42A3-9474-1A3956D46DE8}") = "Component", "Component", "{ECF293BA-1118-4365-9663-A1637CF0411C}"
EndProject
Project("{2150E333-8FDC-42A3-9474-1A3956D46DE8}") = "Presentation", "Presentation", "{A9C90071-47F5-45B8-BD98-84748167596A}"
EndProject
Project("{9A19103F-16F7-4668-BE54-9A1E7A4F7556}") = "MAS.Component.Core", "src\Component\MAS.Component.Core\MAS.Component.Core.csproj", "{39E4A43F-F222-4443-B685-34540C8E7595}"
EndProject
Project("{9A19103F-16F7-4668-BE54-9A1E7A4F7556}") = "MAS.Component.Employees", "src\Component\MAS.Component.Employees\MAS.Component.Employees.csproj", "{E0BAEF20-64AE-4846-AFB1-F8E39A23733D}"
EndProject
Project("{9A19103F-16F7-4668-BE54-9A1E7A4F7556}") = "MAS.Component.ExternalService", "src\Component\MAS.Component.Infraestrucure.ExternalService\MAS.Component.ExternalService.csproj", "{4B2D6BB5-36D6-4B2E-93DF-B9B57FB7E0D7}"
EndProject
Project("{2150E333-8FDC-42A3-9474-1A3956D46DE8}") = "Application", "Application", "{512F20AA-BE28-4ECD-BCF4-CC22FA1BC4CF}"
EndProject
Project("{2150E333-8FDC-42A3-9474-1A3956D46DE8}") = "Application", "Application", "{36FD7C15-18A0-442A-A1C0-6FCCAF2DC4E0}"
EndProject
Project("{9A19103F-16F7-4668-BE54-9A1E7A4F7556}") = "Test.MAS.Presentation.Aplication", "test\Application\Test.MAS.Presentation.Aplication\Test.MAS.Presentation.Aplication.csproj", "{8FCCF4F1-7729-4236-A57E-1E72B9AD6EB9}"
EndProject
Project("{9A19103F-16F7-4668-BE54-9A1E7A4F7556}") = "Test.MAS.Component.Employees", "test\Component\Test.MAS.Component.Employees\Test.MAS.Component.Employees.csproj", "{BFB63163-0ABB-4405-AE5E-0A6BF0E533BB}"
EndProject
Project("{9A19103F-16F7-4668-BE54-9A1E7A4F7556}") = "MAS.Aplication", "src\Application\MAS.Aplication\MAS.Aplication.csproj", "{3DE9B4ED-D18D-4581-BE43-85DEBB8499DA}"
EndProject
Project("{2150E333-8FDC-42A3-9474-1A3956D46DE8}") = "Services", "Services", "{CE2BBFE7-AD39-474D-A3ED-D7BDF592B0DC}"
EndProject
Project("{2150E333-8FDC-42A3-9474-1A3956D46DE8}") = "Web", "Web", "{8D1EF6DE-228C-465F-B920-2F87E84495F2}"
EndProject
Project("{2150E333-8FDC-42A3-9474-1A3956D46DE8}") = "Mobile", "Mobile", "{81290550-26DC-434B-8FFC-27CF833757F0}"
EndProject
Project("{FAE04EC0-301F-11D3-BF4B-00C04F79EFBC}") = "MAS.Presentation.Web", "src\Presentation\Web\MAS.Presentation.Web\MAS.Presentation.Web.csproj", "{7D3FE499-1C35-478E-9E57-0E25EFEBFF1B}"
EndProject
Project("{9A19103F-16F7-4668-BE54-9A1E7A4F7556}") = "MAS.Presentation.WebAPI", "src\Presentation\Services\MAS.Presentation.WebAPI\MAS.Presentation.WebAPI.csproj", "{6D803973-D28F-4B91-BBDD-E713CA5653BA}"
EndProject
Global
	GlobalSection(SolutionConfigurationPlatforms) = preSolution
		Debug|Any CPU = Debug|Any CPU
		Release|Any CPU = Release|Any CPU
	EndGlobalSection
	GlobalSection(ProjectConfigurationPlatforms) = postSolution
		{39E4A43F-F222-4443-B685-34540C8E7595}.Debug|Any CPU.ActiveCfg = Debug|Any CPU
		{39E4A43F-F222-4443-B685-34540C8E7595}.Debug|Any CPU.Build.0 = Debug|Any CPU
		{39E4A43F-F222-4443-B685-34540C8E7595}.Release|Any CPU.ActiveCfg = Release|Any CPU
		{39E4A43F-F222-4443-B685-34540C8E7595}.Release|Any CPU.Build.0 = Release|Any CPU
		{E0BAEF20-64AE-4846-AFB1-F8E39A23733D}.Debug|Any CPU.ActiveCfg = Debug|Any CPU
		{E0BAEF20-64AE-4846-AFB1-F8E39A23733D}.Debug|Any CPU.Build.0 = Debug|Any CPU
		{E0BAEF20-64AE-4846-AFB1-F8E39A23733D}.Release|Any CPU.ActiveCfg = Release|Any CPU
		{E0BAEF20-64AE-4846-AFB1-F8E39A23733D}.Release|Any CPU.Build.0 = Release|Any CPU
		{4B2D6BB5-36D6-4B2E-93DF-B9B57FB7E0D7}.Debug|Any CPU.ActiveCfg = Debug|Any CPU
		{4B2D6BB5-36D6-4B2E-93DF-B9B57FB7E0D7}.Debug|Any CPU.Build.0 = Debug|Any CPU
		{4B2D6BB5-36D6-4B2E-93DF-B9B57FB7E0D7}.Release|Any CPU.ActiveCfg = Release|Any CPU
		{4B2D6BB5-36D6-4B2E-93DF-B9B57FB7E0D7}.Release|Any CPU.Build.0 = Release|Any CPU
		{8FCCF4F1-7729-4236-A57E-1E72B9AD6EB9}.Debug|Any CPU.ActiveCfg = Debug|Any CPU
		{8FCCF4F1-7729-4236-A57E-1E72B9AD6EB9}.Debug|Any CPU.Build.0 = Debug|Any CPU
		{8FCCF4F1-7729-4236-A57E-1E72B9AD6EB9}.Release|Any CPU.ActiveCfg = Release|Any CPU
		{8FCCF4F1-7729-4236-A57E-1E72B9AD6EB9}.Release|Any CPU.Build.0 = Release|Any CPU
		{BFB63163-0ABB-4405-AE5E-0A6BF0E533BB}.Debug|Any CPU.ActiveCfg = Debug|Any CPU
		{BFB63163-0ABB-4405-AE5E-0A6BF0E533BB}.Debug|Any CPU.Build.0 = Debug|Any CPU
		{BFB63163-0ABB-4405-AE5E-0A6BF0E533BB}.Release|Any CPU.ActiveCfg = Release|Any CPU
		{BFB63163-0ABB-4405-AE5E-0A6BF0E533BB}.Release|Any CPU.Build.0 = Release|Any CPU
		{3DE9B4ED-D18D-4581-BE43-85DEBB8499DA}.Debug|Any CPU.ActiveCfg = Debug|Any CPU
		{3DE9B4ED-D18D-4581-BE43-85DEBB8499DA}.Debug|Any CPU.Build.0 = Debug|Any CPU
		{3DE9B4ED-D18D-4581-BE43-85DEBB8499DA}.Release|Any CPU.ActiveCfg = Release|Any CPU
		{3DE9B4ED-D18D-4581-BE43-85DEBB8499DA}.Release|Any CPU.Build.0 = Release|Any CPU
		{7D3FE499-1C35-478E-9E57-0E25EFEBFF1B}.Debug|Any CPU.ActiveCfg = Debug|Any CPU
		{7D3FE499-1C35-478E-9E57-0E25EFEBFF1B}.Debug|Any CPU.Build.0 = Debug|Any CPU
		{7D3FE499-1C35-478E-9E57-0E25EFEBFF1B}.Release|Any CPU.ActiveCfg = Release|Any CPU
		{7D3FE499-1C35-478E-9E57-0E25EFEBFF1B}.Release|Any CPU.Build.0 = Release|Any CPU
		{6D803973-D28F-4B91-BBDD-E713CA5653BA}.Debug|Any CPU.ActiveCfg = Debug|Any CPU
		{6D803973-D28F-4B91-BBDD-E713CA5653BA}.Debug|Any CPU.Build.0 = Debug|Any CPU
		{6D803973-D28F-4B91-BBDD-E713CA5653BA}.Release|Any CPU.ActiveCfg = Release|Any CPU
		{6D803973-D28F-4B91-BBDD-E713CA5653BA}.Release|Any CPU.Build.0 = Release|Any CPU
	EndGlobalSection
	GlobalSection(SolutionProperties) = preSolution
		HideSolutionNode = FALSE
	EndGlobalSection
	GlobalSection(NestedProjects) = preSolution
		{E8DA4445-A049-4094-99AA-DAF62FAD3BD2} = {F6174D88-287F-4B0A-B6BC-BB634BE2F0FD}
		{2E71E999-285B-431E-85C5-2E6B8BB82BBF} = {F6174D88-287F-4B0A-B6BC-BB634BE2F0FD}
		{ECF293BA-1118-4365-9663-A1637CF0411C} = {BD78756D-B612-4016-8D5A-AC38886E8F78}
		{A9C90071-47F5-45B8-BD98-84748167596A} = {BD78756D-B612-4016-8D5A-AC38886E8F78}
		{39E4A43F-F222-4443-B685-34540C8E7595} = {E8DA4445-A049-4094-99AA-DAF62FAD3BD2}
		{E0BAEF20-64AE-4846-AFB1-F8E39A23733D} = {E8DA4445-A049-4094-99AA-DAF62FAD3BD2}
		{4B2D6BB5-36D6-4B2E-93DF-B9B57FB7E0D7} = {E8DA4445-A049-4094-99AA-DAF62FAD3BD2}
		{512F20AA-BE28-4ECD-BCF4-CC22FA1BC4CF} = {F6174D88-287F-4B0A-B6BC-BB634BE2F0FD}
		{36FD7C15-18A0-442A-A1C0-6FCCAF2DC4E0} = {BD78756D-B612-4016-8D5A-AC38886E8F78}
		{8FCCF4F1-7729-4236-A57E-1E72B9AD6EB9} = {36FD7C15-18A0-442A-A1C0-6FCCAF2DC4E0}
		{BFB63163-0ABB-4405-AE5E-0A6BF0E533BB} = {ECF293BA-1118-4365-9663-A1637CF0411C}
		{3DE9B4ED-D18D-4581-BE43-85DEBB8499DA} = {512F20AA-BE28-4ECD-BCF4-CC22FA1BC4CF}
		{CE2BBFE7-AD39-474D-A3ED-D7BDF592B0DC} = {2E71E999-285B-431E-85C5-2E6B8BB82BBF}
		{8D1EF6DE-228C-465F-B920-2F87E84495F2} = {2E71E999-285B-431E-85C5-2E6B8BB82BBF}
		{81290550-26DC-434B-8FFC-27CF833757F0} = {2E71E999-285B-431E-85C5-2E6B8BB82BBF}
		{7D3FE499-1C35-478E-9E57-0E25EFEBFF1B} = {8D1EF6DE-228C-465F-B920-2F87E84495F2}
		{6D803973-D28F-4B91-BBDD-E713CA5653BA} = {CE2BBFE7-AD39-474D-A3ED-D7BDF592B0DC}
	EndGlobalSection
	GlobalSection(ExtensibilityGlobals) = postSolution
		SolutionGuid = {3AD2BB70-3901-4685-91E5-81E5482020F8}
	EndGlobalSection
EndGlobal
